
Microsoft Visual Studio Solution File, Format Version 12.00
# Visual Studio Version 17
VisualStudioVersion = 17.3.32929.385
MinimumVisualStudioVersion = 10.0.40219.1
Project("{FAE04EC0-301F-11D3-BF4B-00C04F79EFBC}") = "CSVReader", "CSVReader\CSVReader.csproj", "{F99D8343-62F4-434F-AC06-F98FE5FD837A}"
EndProject
Global
	GlobalSection(SolutionConfigurationPlatforms) = preSolution
		Debug|Any CPU = Debug|Any CPU
		Release|Any CPU = Release|Any CPU
	EndGlobalSection
	GlobalSection(ProjectConfigurationPlatforms) = postSolution
		{F99D8343-62F4-434F-AC06-F98FE5FD837A}.Debug|Any CPU.ActiveCfg = Debug|Any CPU
		{F99D8343-62F4-434F-AC06-F98FE5FD837A}.Debug|Any CPU.Build.0 = Debug|Any CPU
		{F99D8343-62F4-434F-AC06-F98FE5FD837A}.Release|Any CPU.ActiveCfg = Release|Any CPU
		{F99D8343-62F4-434F-AC06-F98FE5FD837A}.Release|Any CPU.Build.0 = Release|Any CPU
	EndGlobalSection
	GlobalSection(SolutionProperties) = preSolution
		HideSolutionNode = FALSE
	EndGlobalSection
	GlobalSection(ExtensibilityGlobals) = postSolution
		SolutionGuid = {DE8ED192-B7CF-4CB6-A4F9-C802E706C3A3}
	EndGlobalSection
EndGlobal
